
Microsoft Visual Studio Solution File, Format Version 12.00
# Visual Studio Version 16
VisualStudioVersion = 16.0.30503.244
MinimumVisualStudioVersion = 10.0.40219.1
Project("{FAE04EC0-301F-11D3-BF4B-00C04F79EFBC}") = "lab2triangle", "lab2triangle.csproj", "{A57037CA-CF67-470C-99EC-1A3A1CEFC647}"
EndProject
Global
	GlobalSection(SolutionConfigurationPlatforms) = preSolution
		Debug|Any CPU = Debug|Any CPU
		Release|Any CPU = Release|Any CPU
	EndGlobalSection
	GlobalSection(ProjectConfigurationPlatforms) = postSolution
		{A57037CA-CF67-470C-99EC-1A3A1CEFC647}.Debug|Any CPU.ActiveCfg = Debug|Any CPU
		{A57037CA-CF67-470C-99EC-1A3A1CEFC647}.Debug|Any CPU.Build.0 = Debug|Any CPU
		{A57037CA-CF67-470C-99EC-1A3A1CEFC647}.Release|Any CPU.ActiveCfg = Release|Any CPU
		{A57037CA-CF67-470C-99EC-1A3A1CEFC647}.Release|Any CPU.Build.0 = Release|Any CPU
	EndGlobalSection
	GlobalSection(SolutionProperties) = preSolution
		HideSolutionNode = FALSE
	EndGlobalSection
	GlobalSection(ExtensibilityGlobals) = postSolution
		SolutionGuid = {ADBBE3C4-36C3-4FD5-9E94-566AE9A1DCD1}
	EndGlobalSection
EndGlobal
